
Microsoft Visual Studio Solution File, Format Version 12.00
# Visual Studio Version 17
VisualStudioVersion = 17.2.32630.192
MinimumVisualStudioVersion = 10.0.40219.1
Project("{FAE04EC0-301F-11D3-BF4B-00C04F79EFBC}") = "AreaCalculator.ShapesLibrary", "AreaCalculator.ShapesLibrary\AreaCalculator.ShapesLibrary.csproj", "{4823B37E-37F7-4F92-969B-33391FE312C1}"
EndProject
Project("{FAE04EC0-301F-11D3-BF4B-00C04F79EFBC}") = "AreaCalculator.ShapesLibraryTests", "AreaCalculator.ShapesLibraryTests\AreaCalculator.ShapesLibraryTests.csproj", "{71DE59DE-1821-401E-B4FA-AFA3DC11283E}"
EndProject
Global
	GlobalSection(SolutionConfigurationPlatforms) = preSolution
		Debug|Any CPU = Debug|Any CPU
		Release|Any CPU = Release|Any CPU
	EndGlobalSection
	GlobalSection(ProjectConfigurationPlatforms) = postSolution
		{4823B37E-37F7-4F92-969B-33391FE312C1}.Debug|Any CPU.ActiveCfg = Debug|Any CPU
		{4823B37E-37F7-4F92-969B-33391FE312C1}.Debug|Any CPU.Build.0 = Debug|Any CPU
		{4823B37E-37F7-4F92-969B-33391FE312C1}.Release|Any CPU.ActiveCfg = Release|Any CPU
		{4823B37E-37F7-4F92-969B-33391FE312C1}.Release|Any CPU.Build.0 = Release|Any CPU
		{71DE59DE-1821-401E-B4FA-AFA3DC11283E}.Debug|Any CPU.ActiveCfg = Debug|Any CPU
		{71DE59DE-1821-401E-B4FA-AFA3DC11283E}.Debug|Any CPU.Build.0 = Debug|Any CPU
		{71DE59DE-1821-401E-B4FA-AFA3DC11283E}.Release|Any CPU.ActiveCfg = Release|Any CPU
		{71DE59DE-1821-401E-B4FA-AFA3DC11283E}.Release|Any CPU.Build.0 = Release|Any CPU
	EndGlobalSection
	GlobalSection(SolutionProperties) = preSolution
		HideSolutionNode = FALSE
	EndGlobalSection
	GlobalSection(ExtensibilityGlobals) = postSolution
		SolutionGuid = {B520181B-E74B-43C5-9C96-0AC2BE949EEF}
	EndGlobalSection
EndGlobal
